
Microsoft Visual Studio Solution File, Format Version 12.00
# Visual Studio Version 16
VisualStudioVersion = 16.0.30804.86
MinimumVisualStudioVersion = 10.0.40219.1
Project("{FAE04EC0-301F-11D3-BF4B-00C04F79EFBC}") = "DictionaryYapisi", "DictionaryYapisi\DictionaryYapisi.csproj", "{D5B29709-E46B-4355-A69A-7E07F5749E92}"
EndProject
Global
	GlobalSection(SolutionConfigurationPlatforms) = preSolution
		Debug|Any CPU = Debug|Any CPU
		Release|Any CPU = Release|Any CPU
	EndGlobalSection
	GlobalSection(ProjectConfigurationPlatforms) = postSolution
		{D5B29709-E46B-4355-A69A-7E07F5749E92}.Debug|Any CPU.ActiveCfg = Debug|Any CPU
		{D5B29709-E46B-4355-A69A-7E07F5749E92}.Debug|Any CPU.Build.0 = Debug|Any CPU
		{D5B29709-E46B-4355-A69A-7E07F5749E92}.Release|Any CPU.ActiveCfg = Release|Any CPU
		{D5B29709-E46B-4355-A69A-7E07F5749E92}.Release|Any CPU.Build.0 = Release|Any CPU
	EndGlobalSection
	GlobalSection(SolutionProperties) = preSolution
		HideSolutionNode = FALSE
	EndGlobalSection
	GlobalSection(ExtensibilityGlobals) = postSolution
		SolutionGuid = {1B2CAF8F-68AA-4A5F-AFDB-75CA95BF2D16}
	EndGlobalSection
EndGlobal
